
Microsoft Visual Studio Solution File, Format Version 12.00
# Visual Studio Version 17
VisualStudioVersion = 17.5.001.0
MinimumVisualStudioVersion = 10.0.40219.1
Project("{9A19103F-16F7-4668-BE54-9A1E7A4F7556}") = "HGPRC", "HGPRC.csproj", "{C8B1AEF4-8ADE-4D9F-97D8-51BF811CCF8F}"
EndProject
Global
	GlobalSection(SolutionConfigurationPlatforms) = preSolution
		Debug|Any CPU = Debug|Any CPU
		Release|Any CPU = Release|Any CPU
	EndGlobalSection
	GlobalSection(ProjectConfigurationPlatforms) = postSolution
		{C8B1AEF4-8ADE-4D9F-97D8-51BF811CCF8F}.Debug|Any CPU.ActiveCfg = Debug|Any CPU
		{C8B1AEF4-8ADE-4D9F-97D8-51BF811CCF8F}.Debug|Any CPU.Build.0 = Debug|Any CPU
		{C8B1AEF4-8ADE-4D9F-97D8-51BF811CCF8F}.Release|Any CPU.ActiveCfg = Release|Any CPU
		{C8B1AEF4-8ADE-4D9F-97D8-51BF811CCF8F}.Release|Any CPU.Build.0 = Release|Any CPU
	EndGlobalSection
	GlobalSection(SolutionProperties) = preSolution
		HideSolutionNode = FALSE
	EndGlobalSection
	GlobalSection(ExtensibilityGlobals) = postSolution
		SolutionGuid = {49591156-260A-40EA-9B40-5B0F86D0A50D}
	EndGlobalSection
EndGlobal
